{
  "version": 4,
  "terraform_version": "1.2.9",
  "serial": 34,
  "lineage": "96f4d83f-7fce-4f9b-93ed-e3e367c693f0",
  "outputs": {},
  "resources": [
    {
      "mode": "data",
      "type": "databricks_node_type",
      "name": "smallest",
      "provider": "provider[\"registry.terraform.io/databrickslabs/databricks\"]",
      "instances": [
        {
          "schema_version": 0,
          "attributes": {
            "category": null,
            "gb_per_core": null,
            "id": "Standard_L8as_v3",
            "local_disk": true,
            "min_cores": null,
            "min_gpus": null,
            "min_memory_gb": null
          },
          "sensitive_attributes": []
        }
      ]
    },
    {
      "mode": "data",
      "type": "databricks_spark_version",
      "name": "latest_lts",
      "provider": "provider[\"registry.terraform.io/databrickslabs/databricks\"]",
      "instances": [
        {
          "schema_version": 0,
          "attributes": {
            "beta": false,
            "genomics": false,
            "gpu": false,
            "id": "9.1.x-scala2.12",
            "latest": true,
            "long_term_support": true,
            "ml": false,
            "scala": "2.12",
            "spark_version": null
          },
          "sensitive_attributes": []
        }
      ]
    },
    {
      "mode": "managed",
      "type": "azurerm_databricks_workspace",
      "name": "databricks_workspace",
      "provider": "provider[\"registry.terraform.io/hashicorp/azurerm\"]",
      "instances": [
        {
          "schema_version": 0,
          "attributes": {
            "custom_parameters": [
              {
                "machine_learning_workspace_id": "",
                "nat_gateway_name": "nat-gateway",
                "no_public_ip": false,
                "private_subnet_name": "",
                "private_subnet_network_security_group_association_id": "",
                "public_ip_name": "nat-gw-public-ip",
                "public_subnet_name": "",
                "public_subnet_network_security_group_association_id": "",
                "storage_account_name": "dbstoragedvq2uusyh75vg",
                "storage_account_sku_name": "Standard_GRS",
                "virtual_network_id": "",
                "vnet_address_prefix": "10.139"
              }
            ],
            "customer_managed_key_enabled": false,
            "id": "/subscriptions/a4e23c20-3726-4473-8cb8-5aa8015f9a86/resourceGroups/databricks/providers/Microsoft.Databricks/workspaces/databricks-test",
            "infrastructure_encryption_enabled": false,
            "load_balancer_backend_address_pool_id": "",
            "location": "westeurope",
            "managed_resource_group_id": "/subscriptions/a4e23c20-3726-4473-8cb8-5aa8015f9a86/resourceGroups/databricks-rg-databricks",
            "managed_resource_group_name": "databricks-rg-databricks",
            "managed_services_cmk_key_vault_key_id": null,
            "name": "databricks-test",
            "network_security_group_rules_required": null,
            "public_network_access_enabled": true,
            "resource_group_name": "databricks",
            "sku": "standard",
            "storage_account_identity": [],
            "tags": {
              "Environment": "Production"
            },
            "timeouts": null,
            "workspace_id": "4993916084139836",
            "workspace_url": "adb-4993916084139836.16.azuredatabricks.net"
          },
          "sensitive_attributes": [],
          "private": "eyJlMmJmYjczMC1lY2FhLTExZTYtOGY4OC0zNDM2M2JjN2M0YzAiOnsiY3JlYXRlIjoxODAwMDAwMDAwMDAwLCJkZWxldGUiOjE4MDAwMDAwMDAwMDAsInJlYWQiOjMwMDAwMDAwMDAwMCwidXBkYXRlIjoxODAwMDAwMDAwMDAwfX0=",
          "dependencies": [
            "azurerm_resource_group.resource_group"
          ]
        }
      ]
    },
    {
      "mode": "managed",
      "type": "azurerm_resource_group",
      "name": "resource_group",
      "provider": "provider[\"registry.terraform.io/hashicorp/azurerm\"]",
      "instances": [
        {
          "schema_version": 0,
          "attributes": {
            "id": "/subscriptions/a4e23c20-3726-4473-8cb8-5aa8015f9a86/resourceGroups/databricks",
            "location": "westeurope",
            "name": "databricks",
            "tags": {},
            "timeouts": null
          },
          "sensitive_attributes": [],
          "private": "eyJlMmJmYjczMC1lY2FhLTExZTYtOGY4OC0zNDM2M2JjN2M0YzAiOnsiY3JlYXRlIjo1NDAwMDAwMDAwMDAwLCJkZWxldGUiOjU0MDAwMDAwMDAwMDAsInJlYWQiOjMwMDAwMDAwMDAwMCwidXBkYXRlIjo1NDAwMDAwMDAwMDAwfX0="
        }
      ]
    }
  ]
}
