{
  "version": 4,
  "terraform_version": "1.2.9",
  "serial": 12,
  "lineage": "712f493c-15d6-2b26-c49d-cfe5d80c21e2",
  "outputs": {},
  "resources": [
    {
      "mode": "managed",
      "type": "azurerm_resource_group",
      "name": "rg_demo",
      "provider": "provider[\"registry.terraform.io/hashicorp/azurerm\"]",
      "instances": [
        {
          "schema_version": 0,
          "attributes": {
            "id": "/subscriptions/a4e23c20-3726-4473-8cb8-5aa8015f9a86/resourceGroups/rg_demo",
            "location": "westeurope",
            "name": "rg_demo",
            "tags": {},
            "timeouts": null
          },
          "sensitive_attributes": [],
          "private": "eyJlMmJmYjczMC1lY2FhLTExZTYtOGY4OC0zNDM2M2JjN2M0YzAiOnsiY3JlYXRlIjo1NDAwMDAwMDAwMDAwLCJkZWxldGUiOjU0MDAwMDAwMDAwMDAsInJlYWQiOjMwMDAwMDAwMDAwMCwidXBkYXRlIjo1NDAwMDAwMDAwMDAwfX0="
        }
      ]
    },
    {
      "mode": "managed",
      "type": "azurerm_storage_account",
      "name": "storage_demo",
      "provider": "provider[\"registry.terraform.io/hashicorp/azurerm\"]",
      "instances": [
        {
          "schema_version": 3,
          "attributes": {
            "access_tier": "Hot",
            "account_kind": "StorageV2",
            "account_replication_type": "LRS",
            "account_tier": "Standard",
            "allow_nested_items_to_be_public": true,
            "azure_files_authentication": [],
            "blob_properties": [
              {
                "change_feed_enabled": false,
                "container_delete_retention_policy": [],
                "cors_rule": [],
                "default_service_version": "",
                "delete_retention_policy": [],
                "last_access_time_enabled": false,
                "versioning_enabled": false
              }
            ],
            "custom_domain": [],
            "customer_managed_key": [],
            "edge_zone": "",
            "enable_https_traffic_only": true,
            "id": "/subscriptions/a4e23c20-3726-4473-8cb8-5aa8015f9a86/resourceGroups/rg_demo/providers/Microsoft.Storage/storageAccounts/storagedemosridhar123",
            "identity": [],
            "infrastructure_encryption_enabled": false,
            "is_hns_enabled": false,
            "large_file_share_enabled": null,
            "location": "westeurope",
            "min_tls_version": "TLS1_2",
            "name": "storagedemosridhar123",
            "network_rules": [
              {
                "bypass": [
                  "AzureServices"
                ],
                "default_action": "Allow",
                "ip_rules": [],
                "private_link_access": [],
                "virtual_network_subnet_ids": []
              }
            ],
            "nfsv3_enabled": false,
            "primary_access_key": "tmLixUjeWgJDRG3/7pzkCVFimTmeBNQnvBd6HBeSN+MQG5ChorYeeng9XRctBRIjVcvFCqtbgH/u+AStncVB0Q==",
            "primary_blob_connection_string": "DefaultEndpointsProtocol=https;BlobEndpoint=https://storagedemosridhar123.blob.core.windows.net/;AccountName=storagedemosridhar123;AccountKey=tmLixUjeWgJDRG3/7pzkCVFimTmeBNQnvBd6HBeSN+MQG5ChorYeeng9XRctBRIjVcvFCqtbgH/u+AStncVB0Q==",
            "primary_blob_endpoint": "https://storagedemosridhar123.blob.core.windows.net/",
            "primary_blob_host": "storagedemosridhar123.blob.core.windows.net",
            "primary_connection_string": "DefaultEndpointsProtocol=https;AccountName=storagedemosridhar123;AccountKey=tmLixUjeWgJDRG3/7pzkCVFimTmeBNQnvBd6HBeSN+MQG5ChorYeeng9XRctBRIjVcvFCqtbgH/u+AStncVB0Q==;EndpointSuffix=core.windows.net",
            "primary_dfs_endpoint": "https://storagedemosridhar123.dfs.core.windows.net/",
            "primary_dfs_host": "storagedemosridhar123.dfs.core.windows.net",
            "primary_file_endpoint": "https://storagedemosridhar123.file.core.windows.net/",
            "primary_file_host": "storagedemosridhar123.file.core.windows.net",
            "primary_location": "westeurope",
            "primary_queue_endpoint": "https://storagedemosridhar123.queue.core.windows.net/",
            "primary_queue_host": "storagedemosridhar123.queue.core.windows.net",
            "primary_table_endpoint": "https://storagedemosridhar123.table.core.windows.net/",
            "primary_table_host": "storagedemosridhar123.table.core.windows.net",
            "primary_web_endpoint": "https://storagedemosridhar123.z6.web.core.windows.net/",
            "primary_web_host": "storagedemosridhar123.z6.web.core.windows.net",
            "queue_encryption_key_type": "Service",
            "queue_properties": [
              {
                "cors_rule": [],
                "hour_metrics": [
                  {
                    "enabled": true,
                    "include_apis": true,
                    "retention_policy_days": 7,
                    "version": "1.0"
                  }
                ],
                "logging": [
                  {
                    "delete": false,
                    "read": false,
                    "retention_policy_days": 0,
                    "version": "1.0",
                    "write": false
                  }
                ],
                "minute_metrics": [
                  {
                    "enabled": false,
                    "include_apis": false,
                    "retention_policy_days": 0,
                    "version": "1.0"
                  }
                ]
              }
            ],
            "resource_group_name": "rg_demo",
            "routing": [],
            "secondary_access_key": "bPDkUHuu8c9zDBHsSe+1cgnnVysg9GgdwoAqrzPHxF6EyrHmpAl0bvO2FHom5mBHqSIJNwWfKg5i+ASt/vUjfg==",
            "secondary_blob_connection_string": "",
            "secondary_blob_endpoint": null,
            "secondary_blob_host": null,
            "secondary_connection_string": "DefaultEndpointsProtocol=https;AccountName=storagedemosridhar123;AccountKey=bPDkUHuu8c9zDBHsSe+1cgnnVysg9GgdwoAqrzPHxF6EyrHmpAl0bvO2FHom5mBHqSIJNwWfKg5i+ASt/vUjfg==;EndpointSuffix=core.windows.net",
            "secondary_dfs_endpoint": null,
            "secondary_dfs_host": null,
            "secondary_file_endpoint": null,
            "secondary_file_host": null,
            "secondary_location": "",
            "secondary_queue_endpoint": null,
            "secondary_queue_host": null,
            "secondary_table_endpoint": null,
            "secondary_table_host": null,
            "secondary_web_endpoint": null,
            "secondary_web_host": null,
            "share_properties": [
              {
                "cors_rule": [],
                "retention_policy": [
                  {
                    "days": 7
                  }
                ],
                "smb": []
              }
            ],
            "shared_access_key_enabled": true,
            "static_website": [],
            "table_encryption_key_type": "Service",
            "tags": {
              "environment": "staging"
            },
            "timeouts": null
          },
          "sensitive_attributes": [],
          "private": "eyJlMmJmYjczMC1lY2FhLTExZTYtOGY4OC0zNDM2M2JjN2M0YzAiOnsiY3JlYXRlIjozNjAwMDAwMDAwMDAwLCJkZWxldGUiOjM2MDAwMDAwMDAwMDAsInJlYWQiOjMwMDAwMDAwMDAwMCwidXBkYXRlIjozNjAwMDAwMDAwMDAwfSwic2NoZW1hX3ZlcnNpb24iOiIzIn0=",
          "dependencies": [
            "azurerm_resource_group.rg_demo"
          ]
        }
      ]
    }
  ]
}
